// !$*UTF8*$!
{
	archiveVersion = 1;
	classes = {
	};
	objectVersion = 55;
	objects = {

/* Begin PBXBuildFile section */
		CE0926842950C35A00FAF430 /* ContentView.swift in Sources */ = {isa = PBXBuildFile; fileRef = CE0926822950C35200FAF430 /* ContentView.swift */; };
		CE5B913328342B1A00514B87 /* Assets.xcassets in Resources */ = {isa = PBXBuildFile; fileRef = CE5B912128342B1A00514B87 /* Assets.xcassets */; };
		CEF2F90F2950CBE10091BA2A /* ImagePicker.swift in Sources */ = {isa = PBXBuildFile; fileRef = CEF2F90E2950CBE10091BA2A /* ImagePicker.swift */; };
		CEF8800D2950C1C700512E29 /* flip_Model.swift in Sources */ = {isa = PBXBuildFile; fileRef = CE5B91512834300E00514B87 /* flip_Model.swift */; };
		CEF8800E2950C1C700512E29 /* HexColorConveter.swift in Sources */ = {isa = PBXBuildFile; fileRef = CE5B914F2834300E00514B87 /* HexColorConveter.swift */; };
		CEF8800F2950C1C700512E29 /* scoreboard.swift in Sources */ = {isa = PBXBuildFile; fileRef = CE5B91572834300E00514B87 /* scoreboard.swift */; };
		CEF880102950C1C700512E29 /* ThisOrThatVSApp.swift in Sources */ = {isa = PBXBuildFile; fileRef = CE5B911F28342B1800514B87 /* ThisOrThatVSApp.swift */; };
/* End PBXBuildFile section */

/* Begin PBXFileReference section */
		CE0926822950C35200FAF430 /* ContentView.swift */ = {isa = PBXFileReference; lastKnownFileType = sourcecode.swift; path = ContentView.swift; sourceTree = "<group>"; };
		CE5B911F28342B1800514B87 /* ThisOrThatVSApp.swift */ = {isa = PBXFileReference; lastKnownFileType = sourcecode.swift; path = ThisOrThatVSApp.swift; sourceTree = "<group>"; };
		CE5B912128342B1A00514B87 /* Assets.xcassets */ = {isa = PBXFileReference; lastKnownFileType = folder.assetcatalog; path = Assets.xcassets; sourceTree = "<group>"; };
		CE5B912628342B1A00514B87 /* ThisOrThatVS.app */ = {isa = PBXFileReference; explicitFileType = wrapper.application; includeInIndex = 0; path = ThisOrThatVS.app; sourceTree = BUILT_PRODUCTS_DIR; };
		CE5B912E28342B1A00514B87 /* macOS.entitlements */ = {isa = PBXFileReference; lastKnownFileType = text.plist.entitlements; path = macOS.entitlements; sourceTree = "<group>"; };
		CE5B914F2834300E00514B87 /* HexColorConveter.swift */ = {isa = PBXFileReference; fileEncoding = 4; lastKnownFileType = sourcecode.swift; path = HexColorConveter.swift; sourceTree = "<group>"; };
		CE5B91512834300E00514B87 /* flip_Model.swift */ = {isa = PBXFileReference; fileEncoding = 4; lastKnownFileType = sourcecode.swift; path = flip_Model.swift; sourceTree = "<group>"; };
		CE5B91572834300E00514B87 /* scoreboard.swift */ = {isa = PBXFileReference; fileEncoding = 4; lastKnownFileType = sourcecode.swift; path = scoreboard.swift; sourceTree = "<group>"; };
		CE5B9176283474E800514B87 /* ThisOrThatVS--iOS--Info.plist */ = {isa = PBXFileReference; lastKnownFileType = text.plist; path = "ThisOrThatVS--iOS--Info.plist"; sourceTree = "<group>"; };
		CEF2F90E2950CBE10091BA2A /* ImagePicker.swift */ = {isa = PBXFileReference; fileEncoding = 4; lastKnownFileType = sourcecode.swift; path = ImagePicker.swift; sourceTree = "<group>"; };
/* End PBXFileReference section */

/* Begin PBXFrameworksBuildPhase section */
		CE5B912328342B1A00514B87 /* Frameworks */ = {
			isa = PBXFrameworksBuildPhase;
			buildActionMask = 2147483647;
			files = (
			);
			runOnlyForDeploymentPostprocessing = 0;
		};
/* End PBXFrameworksBuildPhase section */

/* Begin PBXGroup section */
		CE5B911928342B1800514B87 = {
			isa = PBXGroup;
			children = (
				CE5B9176283474E800514B87 /* ThisOrThatVS--iOS--Info.plist */,
				CE5B911E28342B1800514B87 /* Shared */,
				CE5B912D28342B1A00514B87 /* macOS */,
				CE5B912728342B1A00514B87 /* Products */,
			);
			sourceTree = "<group>";
		};
		CE5B911E28342B1800514B87 /* Shared */ = {
			isa = PBXGroup;
			children = (
				CE0926822950C35200FAF430 /* ContentView.swift */,
				CE5B91512834300E00514B87 /* flip_Model.swift */,
				CEF2F90E2950CBE10091BA2A /* ImagePicker.swift */,
				CE5B914F2834300E00514B87 /* HexColorConveter.swift */,
				CE5B91572834300E00514B87 /* scoreboard.swift */,
				CE5B911F28342B1800514B87 /* ThisOrThatVSApp.swift */,
				CE5B912128342B1A00514B87 /* Assets.xcassets */,
			);
			path = Shared;
			sourceTree = "<group>";
		};
		CE5B912728342B1A00514B87 /* Products */ = {
			isa = PBXGroup;
			children = (
				CE5B912628342B1A00514B87 /* ThisOrThatVS.app */,
			);
			name = Products;
			sourceTree = "<group>";
		};
		CE5B912D28342B1A00514B87 /* macOS */ = {
			isa = PBXGroup;
			children = (
				CE5B912E28342B1A00514B87 /* macOS.entitlements */,
			);
			path = macOS;
			sourceTree = "<group>";
		};
/* End PBXGroup section */

/* Begin PBXNativeTarget section */
		CE5B912528342B1A00514B87 /* ThisOrThatVS (iOS) */ = {
			isa = PBXNativeTarget;
			buildConfigurationList = CE5B913728342B1A00514B87 /* Build configuration list for PBXNativeTarget "ThisOrThatVS (iOS)" */;
			buildPhases = (
				CE5B912328342B1A00514B87 /* Frameworks */,
				CE5B912428342B1A00514B87 /* Resources */,
				CEF880092950C1B600512E29 /* Sources */,
			);
			buildRules = (
			);
			dependencies = (
			);
			name = "ThisOrThatVS (iOS)";
			packageProductDependencies = (
			);
			productName = "ThisOrThatVS (iOS)";
			productReference = CE5B912628342B1A00514B87 /* ThisOrThatVS.app */;
			productType = "com.apple.product-type.application";
		};
/* End PBXNativeTarget section */

/* Begin PBXProject section */
		CE5B911A28342B1800514B87 /* Project object */ = {
			isa = PBXProject;
			attributes = {
				BuildIndependentTargetsInParallel = 1;
				LastSwiftUpdateCheck = 1330;
				LastUpgradeCheck = 1430;
				TargetAttributes = {
					CE5B912528342B1A00514B87 = {
						CreatedOnToolsVersion = 13.3.1;
					};
				};
			};
			buildConfigurationList = CE5B911D28342B1800514B87 /* Build configuration list for PBXProject "ThisOrThatVS" */;
			compatibilityVersion = "Xcode 13.0";
			developmentRegion = en;
			hasScannedForEncodings = 0;
			knownRegions = (
				en,
				Base,
			);
			mainGroup = CE5B911928342B1800514B87;
			packageReferences = (
			);
			productRefGroup = CE5B912728342B1A00514B87 /* Products */;
			projectDirPath = "";
			projectRoot = "";
			targets = (
				CE5B912528342B1A00514B87 /* ThisOrThatVS (iOS) */,
			);
		};
/* End PBXProject section */

/* Begin PBXResourcesBuildPhase section */
		CE5B912428342B1A00514B87 /* Resources */ = {
			isa = PBXResourcesBuildPhase;
			buildActionMask = 2147483647;
			files = (
				CE5B913328342B1A00514B87 /* Assets.xcassets in Resources */,
			);
			runOnlyForDeploymentPostprocessing = 0;
		};
/* End PBXResourcesBuildPhase section */

/* Begin PBXSourcesBuildPhase section */
		CEF880092950C1B600512E29 /* Sources */ = {
			isa = PBXSourcesBuildPhase;
			buildActionMask = 2147483647;
			files = (
				CE0926842950C35A00FAF430 /* ContentView.swift in Sources */,
				CEF8800D2950C1C700512E29 /* flip_Model.swift in Sources */,
				CEF8800E2950C1C700512E29 /* HexColorConveter.swift in Sources */,
				CEF2F90F2950CBE10091BA2A /* ImagePicker.swift in Sources */,
				CEF8800F2950C1C700512E29 /* scoreboard.swift in Sources */,
				CEF880102950C1C700512E29 /* ThisOrThatVSApp.swift in Sources */,
			);
			runOnlyForDeploymentPostprocessing = 0;
		};
/* End PBXSourcesBuildPhase section */

/* Begin XCBuildConfiguration section */
		CE5B913528342B1A00514B87 /* Debug */ = {
			isa = XCBuildConfiguration;
			buildSettings = {
				ALWAYS_SEARCH_USER_PATHS = YES;
				CLANG_ANALYZER_NONNULL = YES;
				CLANG_ANALYZER_NUMBER_OBJECT_CONVERSION = YES_AGGRESSIVE;
				CLANG_CXX_LANGUAGE_STANDARD = "gnu++17";
				CLANG_ENABLE_MODULES = YES;
				CLANG_ENABLE_OBJC_ARC = YES;
				CLANG_ENABLE_OBJC_WEAK = YES;
				CLANG_WARN_BLOCK_CAPTURE_AUTORELEASING = YES;
				CLANG_WARN_BOOL_CONVERSION = YES;
				CLANG_WARN_COMMA = YES;
				CLANG_WARN_CONSTANT_CONVERSION = YES;
				CLANG_WARN_DEPRECATED_OBJC_IMPLEMENTATIONS = YES;
				CLANG_WARN_DIRECT_OBJC_ISA_USAGE = YES_ERROR;
				CLANG_WARN_DOCUMENTATION_COMMENTS = YES;
				CLANG_WARN_EMPTY_BODY = YES;
				CLANG_WARN_ENUM_CONVERSION = YES;
				CLANG_WARN_INFINITE_RECURSION = YES;
				CLANG_WARN_INT_CONVERSION = YES;
				CLANG_WARN_NON_LITERAL_NULL_CONVERSION = YES;
				CLANG_WARN_OBJC_IMPLICIT_RETAIN_SELF = YES;
				CLANG_WARN_OBJC_LITERAL_CONVERSION = YES;
				CLANG_WARN_OBJC_ROOT_CLASS = YES_ERROR;
				CLANG_WARN_QUOTED_INCLUDE_IN_FRAMEWORK_HEADER = YES;
				CLANG_WARN_RANGE_LOOP_ANALYSIS = YES;
				CLANG_WARN_STRICT_PROTOTYPES = YES;
				CLANG_WARN_SUSPICIOUS_MOVE = YES;
				CLANG_WARN_UNGUARDED_AVAILABILITY = YES_AGGRESSIVE;
				CLANG_WARN_UNREACHABLE_CODE = YES;
				CLANG_WARN__DUPLICATE_METHOD_MATCH = YES;
				COPY_PHASE_STRIP = NO;
				DEAD_CODE_STRIPPING = YES;
				DEBUG_INFORMATION_FORMAT = dwarf;
				ENABLE_STRICT_OBJC_MSGSEND = YES;
				ENABLE_TESTABILITY = YES;
				GCC_C_LANGUAGE_STANDARD = gnu11;
				GCC_DYNAMIC_NO_PIC = NO;
				GCC_NO_COMMON_BLOCKS = YES;
				GCC_OPTIMIZATION_LEVEL = 0;
				GCC_PREPROCESSOR_DEFINITIONS = (
					"DEBUG=1",
					"$(inherited)",
				);
				GCC_WARN_64_TO_32_BIT_CONVERSION = YES;
				GCC_WARN_ABOUT_RETURN_TYPE = YES_ERROR;
				GCC_WARN_UNDECLARED_SELECTOR = YES;
				GCC_WARN_UNINITIALIZED_AUTOS = YES_AGGRESSIVE;
				GCC_WARN_UNUSED_FUNCTION = YES;
				GCC_WARN_UNUSED_VARIABLE = YES;
				IPHONEOS_DEPLOYMENT_TARGET = 16.1;
				MTL_ENABLE_DEBUG_INFO = INCLUDE_SOURCE;
				MTL_FAST_MATH = YES;
				ONLY_ACTIVE_ARCH = YES;
				SWIFT_ACTIVE_COMPILATION_CONDITIONS = DEBUG;
				SWIFT_OPTIMIZATION_LEVEL = "-Onone";
			};
			name = Debug;
		};
		CE5B913628342B1A00514B87 /* Release */ = {
			isa = XCBuildConfiguration;
			buildSettings = {
				ALWAYS_SEARCH_USER_PATHS = YES;
				CLANG_ANALYZER_NONNULL = YES;
				CLANG_ANALYZER_NUMBER_OBJECT_CONVERSION = YES_AGGRESSIVE;
				CLANG_CXX_LANGUAGE_STANDARD = "gnu++17";
				CLANG_ENABLE_MODULES = YES;
				CLANG_ENABLE_OBJC_ARC = YES;
				CLANG_ENABLE_OBJC_WEAK = YES;
				CLANG_WARN_BLOCK_CAPTURE_AUTORELEASING = YES;
				CLANG_WARN_BOOL_CONVERSION = YES;
				CLANG_WARN_COMMA = YES;
				CLANG_WARN_CONSTANT_CONVERSION = YES;
				CLANG_WARN_DEPRECATED_OBJC_IMPLEMENTATIONS = YES;
				CLANG_WARN_DIRECT_OBJC_ISA_USAGE = YES_ERROR;
				CLANG_WARN_DOCUMENTATION_COMMENTS = YES;
				CLANG_WARN_EMPTY_BODY = YES;
				CLANG_WARN_ENUM_CONVERSION = YES;
				CLANG_WARN_INFINITE_RECURSION = YES;
				CLANG_WARN_INT_CONVERSION = YES;
				CLANG_WARN_NON_LITERAL_NULL_CONVERSION = YES;
				CLANG_WARN_OBJC_IMPLICIT_RETAIN_SELF = YES;
				CLANG_WARN_OBJC_LITERAL_CONVERSION = YES;
				CLANG_WARN_OBJC_ROOT_CLASS = YES_ERROR;
				CLANG_WARN_QUOTED_INCLUDE_IN_FRAMEWORK_HEADER = YES;
				CLANG_WARN_RANGE_LOOP_ANALYSIS = YES;
				CLANG_WARN_STRICT_PROTOTYPES = YES;
				CLANG_WARN_SUSPICIOUS_MOVE = YES;
				CLANG_WARN_UNGUARDED_AVAILABILITY = YES_AGGRESSIVE;
				CLANG_WARN_UNREACHABLE_CODE = YES;
				CLANG_WARN__DUPLICATE_METHOD_MATCH = YES;
				COPY_PHASE_STRIP = NO;
				DEAD_CODE_STRIPPING = YES;
				DEBUG_INFORMATION_FORMAT = "dwarf-with-dsym";
				ENABLE_NS_ASSERTIONS = NO;
				ENABLE_STRICT_OBJC_MSGSEND = YES;
				GCC_C_LANGUAGE_STANDARD = gnu11;
				GCC_NO_COMMON_BLOCKS = YES;
				GCC_OPTIMIZATION_LEVEL = 0;
				GCC_WARN_64_TO_32_BIT_CONVERSION = YES;
				GCC_WARN_ABOUT_RETURN_TYPE = YES_ERROR;
				GCC_WARN_UNDECLARED_SELECTOR = YES;
				GCC_WARN_UNINITIALIZED_AUTOS = YES_AGGRESSIVE;
				GCC_WARN_UNUSED_FUNCTION = YES;
				GCC_WARN_UNUSED_VARIABLE = YES;
				IPHONEOS_DEPLOYMENT_TARGET = 16.1;
				MTL_ENABLE_DEBUG_INFO = NO;
				MTL_FAST_MATH = YES;
				SWIFT_OPTIMIZATION_LEVEL = "-Onone";
			};
			name = Release;
		};
		CE5B913828342B1A00514B87 /* Debug */ = {
			isa = XCBuildConfiguration;
			buildSettings = {
				ASSETCATALOG_COMPILER_APPICON_NAME = AppIcon;
				ASSETCATALOG_COMPILER_GLOBAL_ACCENT_COLOR_NAME = AccentColor;
				ASSETCATALOG_COMPILER_INCLUDE_ALL_APPICON_ASSETS = YES;
				CODE_SIGN_STYLE = Automatic;
				CURRENT_PROJECT_VERSION = 1;
				DEVELOPMENT_TEAM = L5TY3BXSMT;
				ENABLE_PREVIEWS = YES;
				GENERATE_INFOPLIST_FILE = YES;
				INFOPLIST_FILE = "ThisOrThatVS--iOS--Info.plist";
				INFOPLIST_KEY_CFBundleDisplayName = "Flip4It ";
				INFOPLIST_KEY_LSApplicationCategoryType = "public.app-category.entertainment";
				INFOPLIST_KEY_NSCameraUsageDescription = "Flip4It needs to get a photo to compare";
				INFOPLIST_KEY_NSPhotoLibraryUsageDescription = "Flip4It needs to access your photos";
				INFOPLIST_KEY_UIApplicationSceneManifest_Generation = YES;
				INFOPLIST_KEY_UIApplicationSupportsIndirectInputEvents = YES;
				INFOPLIST_KEY_UILaunchScreen_Generation = YES;
				INFOPLIST_KEY_UIStatusBarHidden = YES;
				INFOPLIST_KEY_UISupportedInterfaceOrientations = UIInterfaceOrientationPortrait;
				IPHONEOS_DEPLOYMENT_TARGET = 16.0;
				LD_RUNPATH_SEARCH_PATHS = (
					"$(inherited)",
					"@executable_path/Frameworks",
				);
				MARKETING_VERSION = 1.0;
				PRODUCT_BUNDLE_IDENTIFIER = com.deanelut.flip4itpro;
				PRODUCT_NAME = ThisOrThatVS;
				SDKROOT = iphoneos;
				SUPPORTED_PLATFORMS = "iphoneos iphonesimulator";
				SUPPORTS_MACCATALYST = NO;
				SUPPORTS_MAC_DESIGNED_FOR_IPHONE_IPAD = NO;
				SWIFT_EMIT_LOC_STRINGS = YES;
				SWIFT_VERSION = 5.0;
				TARGETED_DEVICE_FAMILY = 1;
			};
			name = Debug;
		};
		CE5B913928342B1A00514B87 /* Release */ = {
			isa = XCBuildConfiguration;
			buildSettings = {
				ASSETCATALOG_COMPILER_APPICON_NAME = AppIcon;
				ASSETCATALOG_COMPILER_GLOBAL_ACCENT_COLOR_NAME = AccentColor;
				ASSETCATALOG_COMPILER_INCLUDE_ALL_APPICON_ASSETS = YES;
				CODE_SIGN_STYLE = Automatic;
				CURRENT_PROJECT_VERSION = 1;
				DEVELOPMENT_TEAM = L5TY3BXSMT;
				ENABLE_PREVIEWS = YES;
				GENERATE_INFOPLIST_FILE = YES;
				INFOPLIST_FILE = "ThisOrThatVS--iOS--Info.plist";
				INFOPLIST_KEY_CFBundleDisplayName = "Flip4It ";
				INFOPLIST_KEY_LSApplicationCategoryType = "public.app-category.entertainment";
				INFOPLIST_KEY_NSCameraUsageDescription = "Flip4It needs to get a photo to compare";
				INFOPLIST_KEY_NSPhotoLibraryUsageDescription = "Flip4It needs to access your photos";
				INFOPLIST_KEY_UIApplicationSceneManifest_Generation = YES;
				INFOPLIST_KEY_UIApplicationSupportsIndirectInputEvents = YES;
				INFOPLIST_KEY_UILaunchScreen_Generation = YES;
				INFOPLIST_KEY_UIStatusBarHidden = YES;
				INFOPLIST_KEY_UISupportedInterfaceOrientations = UIInterfaceOrientationPortrait;
				IPHONEOS_DEPLOYMENT_TARGET = 16.0;
				LD_RUNPATH_SEARCH_PATHS = (
					"$(inherited)",
					"@executable_path/Frameworks",
				);
				MARKETING_VERSION = 1.0;
				PRODUCT_BUNDLE_IDENTIFIER = com.deanelut.flip4itpro;
				PRODUCT_NAME = ThisOrThatVS;
				SDKROOT = iphoneos;
				SUPPORTED_PLATFORMS = "iphoneos iphonesimulator";
				SUPPORTS_MACCATALYST = NO;
				SUPPORTS_MAC_DESIGNED_FOR_IPHONE_IPAD = NO;
				SWIFT_EMIT_LOC_STRINGS = YES;
				SWIFT_VERSION = 5.0;
				TARGETED_DEVICE_FAMILY = 1;
				VALIDATE_PRODUCT = YES;
			};
			name = Release;
		};
/* End XCBuildConfiguration section */

/* Begin XCConfigurationList section */
		CE5B911D28342B1800514B87 /* Build configuration list for PBXProject "ThisOrThatVS" */ = {
			isa = XCConfigurationList;
			buildConfigurations = (
				CE5B913528342B1A00514B87 /* Debug */,
				CE5B913628342B1A00514B87 /* Release */,
			);
			defaultConfigurationIsVisible = 0;
			defaultConfigurationName = Release;
		};
		CE5B913728342B1A00514B87 /* Build configuration list for PBXNativeTarget "ThisOrThatVS (iOS)" */ = {
			isa = XCConfigurationList;
			buildConfigurations = (
				CE5B913828342B1A00514B87 /* Debug */,
				CE5B913928342B1A00514B87 /* Release */,
			);
			defaultConfigurationIsVisible = 0;
			defaultConfigurationName = Release;
		};
/* End XCConfigurationList section */
	};
	rootObject = CE5B911A28342B1800514B87 /* Project object */;
}
